// !$*UTF8*$!
{
	archiveVersion = 1;
	classes = {
	};
	objectVersion = 50;
	objects = {

/* Begin PBXBuildFile section */
		650250C123E4991700B427D0 /* Alert.swift in Sources */ = {isa = PBXBuildFile; fileRef = 650250C023E4991700B427D0 /* Alert.swift */; };
		650250C323E4A78E00B427D0 /* HomeViewController.swift in Sources */ = {isa = PBXBuildFile; fileRef = 650250C223E4A78E00B427D0 /* HomeViewController.swift */; };
		6528135623E79C15005A1B1F /* Customer.swift in Sources */ = {isa = PBXBuildFile; fileRef = 6528135523E79C15005A1B1F /* Customer.swift */; };
		6528135723E79D35005A1B1F /* Customer.swift in Sources */ = {isa = PBXBuildFile; fileRef = 6528135523E79C15005A1B1F /* Customer.swift */; };
		6528135823E79D36005A1B1F /* Customer.swift in Sources */ = {isa = PBXBuildFile; fileRef = 6528135523E79C15005A1B1F /* Customer.swift */; };
		6528135923E79D3F005A1B1F /* LoginViewController.swift in Sources */ = {isa = PBXBuildFile; fileRef = 65446CEB23E0F4370052DEBE /* LoginViewController.swift */; };
		6528135A23E79D3F005A1B1F /* LoginViewController.swift in Sources */ = {isa = PBXBuildFile; fileRef = 65446CEB23E0F4370052DEBE /* LoginViewController.swift */; };
		6528135B23E79D42005A1B1F /* HomeViewController.swift in Sources */ = {isa = PBXBuildFile; fileRef = 650250C223E4A78E00B427D0 /* HomeViewController.swift */; };
		6528135C23E79D42005A1B1F /* HomeViewController.swift in Sources */ = {isa = PBXBuildFile; fileRef = 650250C223E4A78E00B427D0 /* HomeViewController.swift */; };
		6528135D23E79D5C005A1B1F /* FeatureView.swift in Sources */ = {isa = PBXBuildFile; fileRef = 65ADE2DE23E1C814003D3215 /* FeatureView.swift */; };
		6528135E23E79D5D005A1B1F /* FeatureView.swift in Sources */ = {isa = PBXBuildFile; fileRef = 65ADE2DE23E1C814003D3215 /* FeatureView.swift */; };
		6528135F23E79D63005A1B1F /* AppDelegate.swift in Sources */ = {isa = PBXBuildFile; fileRef = 6591C39923DA78F900535C46 /* AppDelegate.swift */; };
		6528136023E79D63005A1B1F /* AppDelegate.swift in Sources */ = {isa = PBXBuildFile; fileRef = 6591C39923DA78F900535C46 /* AppDelegate.swift */; };
		65446CEC23E0F4370052DEBE /* LoginViewController.swift in Sources */ = {isa = PBXBuildFile; fileRef = 65446CEB23E0F4370052DEBE /* LoginViewController.swift */; };
		65446CEF23E0F7DF0052DEBE /* NovaOneButton.swift in Sources */ = {isa = PBXBuildFile; fileRef = 65446CEE23E0F7DF0052DEBE /* NovaOneButton.swift */; };
		65496D0123F1D6F9008EB3FF /* (null) in Embed Frameworks */ = {isa = PBXBuildFile; settings = {ATTRIBUTES = (CodeSignOnCopy, RemoveHeadersOnCopy, ); }; };
		657535EB24035B7E009E3580 /* SignUpEmailViewController.swift in Sources */ = {isa = PBXBuildFile; fileRef = 657535EA24035B7E009E3580 /* SignUpEmailViewController.swift */; };
		657EAE702409AF080074D44A /* NovaOneTableViewCell.swift in Sources */ = {isa = PBXBuildFile; fileRef = 657EAE6F2409AF080074D44A /* NovaOneTableViewCell.swift */; };
		657FECEF2401D11900437945 /* NovaOneTextField.swift in Sources */ = {isa = PBXBuildFile; fileRef = 657FECEE2401D11900437945 /* NovaOneTextField.swift */; };
		657FECF12401D2A800437945 /* ForgotViewController.swift in Sources */ = {isa = PBXBuildFile; fileRef = 657FECF02401D2A800437945 /* ForgotViewController.swift */; };
		6583194B23F2206E001D378D /* KeychainItemAccessibility.swift in Sources */ = {isa = PBXBuildFile; fileRef = 6583194923F2206E001D378D /* KeychainItemAccessibility.swift */; };
		6583194C23F2206E001D378D /* KeychainWrapper.swift in Sources */ = {isa = PBXBuildFile; fileRef = 6583194A23F2206E001D378D /* KeychainWrapper.swift */; };
		6583195223F2209C001D378D /* database.php in Resources */ = {isa = PBXBuildFile; fileRef = 6583194D23F2209C001D378D /* database.php */; };
		6583195323F2209C001D378D /* settings.php in Resources */ = {isa = PBXBuildFile; fileRef = 6583194E23F2209C001D378D /* settings.php */; };
		6583195423F2209C001D378D /* credentials.php in Resources */ = {isa = PBXBuildFile; fileRef = 6583194F23F2209C001D378D /* credentials.php */; };
		6583195523F2209C001D378D /* login.php in Resources */ = {isa = PBXBuildFile; fileRef = 6583195023F2209C001D378D /* login.php */; };
		6583195623F2209C001D378D /* django_password.php in Resources */ = {isa = PBXBuildFile; fileRef = 6583195123F2209C001D378D /* django_password.php */; };
		6584FAC324089BA900A06125 /* Lead.swift in Sources */ = {isa = PBXBuildFile; fileRef = 6584FAC224089BA900A06125 /* Lead.swift */; };
		658C079623F0F21C00DFD471 /* (null) in Embed Frameworks */ = {isa = PBXBuildFile; settings = {ATTRIBUTES = (CodeSignOnCopy, RemoveHeadersOnCopy, ); }; };
		658EC6C323F484D30042827E /* AppointmentTableViewCell.swift in Sources */ = {isa = PBXBuildFile; fileRef = 658EC6C223F484D30042827E /* AppointmentTableViewCell.swift */; };
		658EC6C623F4870D0042827E /* Appointment.swift in Sources */ = {isa = PBXBuildFile; fileRef = 658EC6C523F4870D0042827E /* Appointment.swift */; };
		658EC6C823F4B1310042827E /* NovaOneView.swift in Sources */ = {isa = PBXBuildFile; fileRef = 658EC6C723F4B1310042827E /* NovaOneView.swift */; };
		658EC6CA23F4CD120042827E /* UIViewBorders.swift in Sources */ = {isa = PBXBuildFile; fileRef = 658EC6C923F4CD120042827E /* UIViewBorders.swift */; };
		6591C39A23DA78F900535C46 /* AppDelegate.swift in Sources */ = {isa = PBXBuildFile; fileRef = 6591C39923DA78F900535C46 /* AppDelegate.swift */; };
		6591C39C23DA78F900535C46 /* SceneDelegate.swift in Sources */ = {isa = PBXBuildFile; fileRef = 6591C39B23DA78F900535C46 /* SceneDelegate.swift */; };
		6591C39E23DA78F900535C46 /* LaunchViewController.swift in Sources */ = {isa = PBXBuildFile; fileRef = 6591C39D23DA78F900535C46 /* LaunchViewController.swift */; };
		6591C3A123DA78F900535C46 /* Main.storyboard in Resources */ = {isa = PBXBuildFile; fileRef = 6591C39F23DA78F900535C46 /* Main.storyboard */; };
		6591C3A323DA78FB00535C46 /* Assets.xcassets in Resources */ = {isa = PBXBuildFile; fileRef = 6591C3A223DA78FB00535C46 /* Assets.xcassets */; };
		6591C3A623DA78FB00535C46 /* LaunchScreen.storyboard in Resources */ = {isa = PBXBuildFile; fileRef = 6591C3A423DA78FB00535C46 /* LaunchScreen.storyboard */; };
		6591C3B123DA78FB00535C46 /* NovaOneTests.swift in Sources */ = {isa = PBXBuildFile; fileRef = 6591C3B023DA78FB00535C46 /* NovaOneTests.swift */; };
		6591C3BC23DA78FB00535C46 /* NovaOneUITests.swift in Sources */ = {isa = PBXBuildFile; fileRef = 6591C3BB23DA78FB00535C46 /* NovaOneUITests.swift */; };
		6592E3CF240416FE009E4D8D /* SignUpPasswordViewController.swift in Sources */ = {isa = PBXBuildFile; fileRef = 6592E3CE240416FE009E4D8D /* SignUpPasswordViewController.swift */; };
		6592E3D1240429CA009E4D8D /* SignUpNameViewController.swift in Sources */ = {isa = PBXBuildFile; fileRef = 6592E3D0240429CA009E4D8D /* SignUpNameViewController.swift */; };
		6592E3D324042AA9009E4D8D /* SignUpPhoneViewController.swift in Sources */ = {isa = PBXBuildFile; fileRef = 6592E3D224042AA9009E4D8D /* SignUpPhoneViewController.swift */; };
		6592E3D62405D8BA009E4D8D /* NovaOneTabBarController.swift in Sources */ = {isa = PBXBuildFile; fileRef = 6592E3D52405D8BA009E4D8D /* NovaOneTabBarController.swift */; };
		659CCD3623EE46260066C9CB /* ErrorResponse.swift in Sources */ = {isa = PBXBuildFile; fileRef = 659CCD3523EE46260066C9CB /* ErrorResponse.swift */; };
		659CCD3723EE46260066C9CB /* ErrorResponse.swift in Sources */ = {isa = PBXBuildFile; fileRef = 659CCD3523EE46260066C9CB /* ErrorResponse.swift */; };
		659CCD3823EE46260066C9CB /* ErrorResponse.swift in Sources */ = {isa = PBXBuildFile; fileRef = 659CCD3523EE46260066C9CB /* ErrorResponse.swift */; };
		659D487823F375F0007AC005 /* leads.php in Resources */ = {isa = PBXBuildFile; fileRef = 659D487623F375EF007AC005 /* leads.php */; };
		659D487923F375F0007AC005 /* appointments.php in Resources */ = {isa = PBXBuildFile; fileRef = 659D487723F375F0007AC005 /* appointments.php */; };
		659D487B23F37772007AC005 /* verify_user.php in Resources */ = {isa = PBXBuildFile; fileRef = 659D487A23F37771007AC005 /* verify_user.php */; };
		659D487E23F38C01007AC005 /* NovaOne.xcdatamodeld in Sources */ = {isa = PBXBuildFile; fileRef = 659D487C23F38C01007AC005 /* NovaOne.xcdatamodeld */; };
		65A1FC4D23E48A6800D5CBCF /* Defaults.swift in Sources */ = {isa = PBXBuildFile; fileRef = 65A1FC4C23E48A6800D5CBCF /* Defaults.swift */; };
		65ADE2DF23E1C814003D3215 /* FeatureView.swift in Sources */ = {isa = PBXBuildFile; fileRef = 65ADE2DE23E1C814003D3215 /* FeatureView.swift */; };
		65ADE2E123E1C84E003D3215 /* Feature.xib in Resources */ = {isa = PBXBuildFile; fileRef = 65ADE2E023E1C84E003D3215 /* Feature.xib */; };
		65ADE2F623E3AF27003D3215 /* HTTPRequests.swift in Sources */ = {isa = PBXBuildFile; fileRef = 65ADE2F523E3AF27003D3215 /* HTTPRequests.swift */; };
		65AF664423E87F2C001B394F /* AppointmentsViewController.swift in Sources */ = {isa = PBXBuildFile; fileRef = 65AF664323E87F2C001B394F /* AppointmentsViewController.swift */; };
		65AF664523E87F2C001B394F /* AppointmentsViewController.swift in Sources */ = {isa = PBXBuildFile; fileRef = 65AF664323E87F2C001B394F /* AppointmentsViewController.swift */; };
		65AF664623E87F2C001B394F /* AppointmentsViewController.swift in Sources */ = {isa = PBXBuildFile; fileRef = 65AF664323E87F2C001B394F /* AppointmentsViewController.swift */; };
		65AF664823E881D9001B394F /* LeadsViewController.swift in Sources */ = {isa = PBXBuildFile; fileRef = 65AF664723E881D9001B394F /* LeadsViewController.swift */; };
		65AF664923E881D9001B394F /* LeadsViewController.swift in Sources */ = {isa = PBXBuildFile; fileRef = 65AF664723E881D9001B394F /* LeadsViewController.swift */; };
		65AF664A23E881D9001B394F /* LeadsViewController.swift in Sources */ = {isa = PBXBuildFile; fileRef = 65AF664723E881D9001B394F /* LeadsViewController.swift */; };
		65AF664C23E881EB001B394F /* SettingsViewController.swift in Sources */ = {isa = PBXBuildFile; fileRef = 65AF664B23E881EB001B394F /* SettingsViewController.swift */; };
		65AF664D23E881EB001B394F /* SettingsViewController.swift in Sources */ = {isa = PBXBuildFile; fileRef = 65AF664B23E881EB001B394F /* SettingsViewController.swift */; };
		65AF664E23E881EB001B394F /* SettingsViewController.swift in Sources */ = {isa = PBXBuildFile; fileRef = 65AF664B23E881EB001B394F /* SettingsViewController.swift */; };
		65AF665023E881FE001B394F /* SupportViewController.swift in Sources */ = {isa = PBXBuildFile; fileRef = 65AF664F23E881FE001B394F /* SupportViewController.swift */; };
		65AF665123E881FE001B394F /* SupportViewController.swift in Sources */ = {isa = PBXBuildFile; fileRef = 65AF664F23E881FE001B394F /* SupportViewController.swift */; };
		65AF665223E881FE001B394F /* SupportViewController.swift in Sources */ = {isa = PBXBuildFile; fileRef = 65AF664F23E881FE001B394F /* SupportViewController.swift */; };
		65AF665423E88216001B394F /* FaqViewController.swift in Sources */ = {isa = PBXBuildFile; fileRef = 65AF665323E88216001B394F /* FaqViewController.swift */; };
		65AF665523E88216001B394F /* FaqViewController.swift in Sources */ = {isa = PBXBuildFile; fileRef = 65AF665323E88216001B394F /* FaqViewController.swift */; };
		65AF665623E88216001B394F /* FaqViewController.swift in Sources */ = {isa = PBXBuildFile; fileRef = 65AF665323E88216001B394F /* FaqViewController.swift */; };
		65AF665823E88229001B394F /* CreateAppointmentViewController.swift in Sources */ = {isa = PBXBuildFile; fileRef = 65AF665723E88229001B394F /* CreateAppointmentViewController.swift */; };
		65AF665923E88229001B394F /* CreateAppointmentViewController.swift in Sources */ = {isa = PBXBuildFile; fileRef = 65AF665723E88229001B394F /* CreateAppointmentViewController.swift */; };
		65AF665A23E88229001B394F /* CreateAppointmentViewController.swift in Sources */ = {isa = PBXBuildFile; fileRef = 65AF665723E88229001B394F /* CreateAppointmentViewController.swift */; };
		65C5467923ECAB2300A198F3 /* AppUtility.swift in Sources */ = {isa = PBXBuildFile; fileRef = 65C5467823ECAB2300A198F3 /* AppUtility.swift */; };
		65C5467A23ECAB2300A198F3 /* AppUtility.swift in Sources */ = {isa = PBXBuildFile; fileRef = 65C5467823ECAB2300A198F3 /* AppUtility.swift */; };
		65C5467B23ECAB2400A198F3 /* AppUtility.swift in Sources */ = {isa = PBXBuildFile; fileRef = 65C5467823ECAB2300A198F3 /* AppUtility.swift */; };
		65D75F7423FB495900C7988E /* utils.php in Resources */ = {isa = PBXBuildFile; fileRef = 65D75F7323FB495900C7988E /* utils.php */; };
/* End PBXBuildFile section */

/* Begin PBXContainerItemProxy section */
		6591C3AD23DA78FB00535C46 /* PBXContainerItemProxy */ = {
			isa = PBXContainerItemProxy;
			containerPortal = 6591C38E23DA78F900535C46 /* Project object */;
			proxyType = 1;
			remoteGlobalIDString = 6591C39523DA78F900535C46;
			remoteInfo = NovaOne;
		};
		6591C3B823DA78FB00535C46 /* PBXContainerItemProxy */ = {
			isa = PBXContainerItemProxy;
			containerPortal = 6591C38E23DA78F900535C46 /* Project object */;
			proxyType = 1;
			remoteGlobalIDString = 6591C39523DA78F900535C46;
			remoteInfo = NovaOne;
		};
/* End PBXContainerItemProxy section */

/* Begin PBXCopyFilesBuildPhase section */
		658C079723F0F21C00DFD471 /* Embed Frameworks */ = {
			isa = PBXCopyFilesBuildPhase;
			buildActionMask = 2147483647;
			dstPath = "";
			dstSubfolderSpec = 10;
			files = (
				658C079623F0F21C00DFD471 /* (null) in Embed Frameworks */,
				65496D0123F1D6F9008EB3FF /* (null) in Embed Frameworks */,
			);
			name = "Embed Frameworks";
			runOnlyForDeploymentPostprocessing = 0;
		};
/* End PBXCopyFilesBuildPhase section */

/* Begin PBXFileReference section */
		650250C023E4991700B427D0 /* Alert.swift */ = {isa = PBXFileReference; lastKnownFileType = sourcecode.swift; path = Alert.swift; sourceTree = "<group>"; };
		650250C223E4A78E00B427D0 /* HomeViewController.swift */ = {isa = PBXFileReference; lastKnownFileType = sourcecode.swift; path = HomeViewController.swift; sourceTree = "<group>"; };
		6528135523E79C15005A1B1F /* Customer.swift */ = {isa = PBXFileReference; lastKnownFileType = sourcecode.swift; name = Customer.swift; path = NovaOne/Models/Customer.swift; sourceTree = SOURCE_ROOT; };
		65446CEB23E0F4370052DEBE /* LoginViewController.swift */ = {isa = PBXFileReference; lastKnownFileType = sourcecode.swift; path = LoginViewController.swift; sourceTree = "<group>"; };
		65446CEE23E0F7DF0052DEBE /* NovaOneButton.swift */ = {isa = PBXFileReference; lastKnownFileType = sourcecode.swift; path = NovaOneButton.swift; sourceTree = "<group>"; };
		657535EA24035B7E009E3580 /* SignUpEmailViewController.swift */ = {isa = PBXFileReference; lastKnownFileType = sourcecode.swift; path = SignUpEmailViewController.swift; sourceTree = "<group>"; };
		657EAE6F2409AF080074D44A /* NovaOneTableViewCell.swift */ = {isa = PBXFileReference; lastKnownFileType = sourcecode.swift; path = NovaOneTableViewCell.swift; sourceTree = "<group>"; };
		657FECEE2401D11900437945 /* NovaOneTextField.swift */ = {isa = PBXFileReference; lastKnownFileType = sourcecode.swift; path = NovaOneTextField.swift; sourceTree = "<group>"; };
		657FECF02401D2A800437945 /* ForgotViewController.swift */ = {isa = PBXFileReference; lastKnownFileType = sourcecode.swift; path = ForgotViewController.swift; sourceTree = "<group>"; };
		6583194923F2206E001D378D /* KeychainItemAccessibility.swift */ = {isa = PBXFileReference; fileEncoding = 4; lastKnownFileType = sourcecode.swift; path = KeychainItemAccessibility.swift; sourceTree = "<group>"; };
		6583194A23F2206E001D378D /* KeychainWrapper.swift */ = {isa = PBXFileReference; fileEncoding = 4; lastKnownFileType = sourcecode.swift; path = KeychainWrapper.swift; sourceTree = "<group>"; };
		6583194D23F2209C001D378D /* database.php */ = {isa = PBXFileReference; fileEncoding = 4; lastKnownFileType = text.script.php; path = database.php; sourceTree = "<group>"; };
		6583194E23F2209C001D378D /* settings.php */ = {isa = PBXFileReference; fileEncoding = 4; lastKnownFileType = text.script.php; path = settings.php; sourceTree = "<group>"; };
		6583194F23F2209C001D378D /* credentials.php */ = {isa = PBXFileReference; fileEncoding = 4; lastKnownFileType = text.script.php; path = credentials.php; sourceTree = "<group>"; };
		6583195023F2209C001D378D /* login.php */ = {isa = PBXFileReference; fileEncoding = 4; lastKnownFileType = text.script.php; path = login.php; sourceTree = "<group>"; };
		6583195123F2209C001D378D /* django_password.php */ = {isa = PBXFileReference; fileEncoding = 4; lastKnownFileType = text.script.php; path = django_password.php; sourceTree = "<group>"; };
		6584FAC224089BA900A06125 /* Lead.swift */ = {isa = PBXFileReference; lastKnownFileType = sourcecode.swift; path = Lead.swift; sourceTree = "<group>"; };
		658EC6C223F484D30042827E /* AppointmentTableViewCell.swift */ = {isa = PBXFileReference; lastKnownFileType = sourcecode.swift; path = AppointmentTableViewCell.swift; sourceTree = "<group>"; };
		658EC6C523F4870D0042827E /* Appointment.swift */ = {isa = PBXFileReference; lastKnownFileType = sourcecode.swift; path = Appointment.swift; sourceTree = "<group>"; };
		658EC6C723F4B1310042827E /* NovaOneView.swift */ = {isa = PBXFileReference; lastKnownFileType = sourcecode.swift; path = NovaOneView.swift; sourceTree = "<group>"; };
		658EC6C923F4CD120042827E /* UIViewBorders.swift */ = {isa = PBXFileReference; lastKnownFileType = sourcecode.swift; path = UIViewBorders.swift; sourceTree = "<group>"; };
		6591C39623DA78F900535C46 /* NovaOne.app */ = {isa = PBXFileReference; explicitFileType = wrapper.application; includeInIndex = 0; path = NovaOne.app; sourceTree = BUILT_PRODUCTS_DIR; };
		6591C39923DA78F900535C46 /* AppDelegate.swift */ = {isa = PBXFileReference; lastKnownFileType = sourcecode.swift; path = AppDelegate.swift; sourceTree = "<group>"; };
		6591C39B23DA78F900535C46 /* SceneDelegate.swift */ = {isa = PBXFileReference; lastKnownFileType = sourcecode.swift; path = SceneDelegate.swift; sourceTree = "<group>"; };
		6591C39D23DA78F900535C46 /* LaunchViewController.swift */ = {isa = PBXFileReference; indentWidth = 4; lastKnownFileType = sourcecode.swift; path = LaunchViewController.swift; sourceTree = "<group>"; };
		6591C3A023DA78F900535C46 /* Base */ = {isa = PBXFileReference; lastKnownFileType = file.storyboard; name = Base; path = Base.lproj/Main.storyboard; sourceTree = "<group>"; };
		6591C3A223DA78FB00535C46 /* Assets.xcassets */ = {isa = PBXFileReference; lastKnownFileType = folder.assetcatalog; path = Assets.xcassets; sourceTree = "<group>"; };
		6591C3A523DA78FB00535C46 /* Base */ = {isa = PBXFileReference; lastKnownFileType = file.storyboard; name = Base; path = Base.lproj/LaunchScreen.storyboard; sourceTree = "<group>"; };
		6591C3A723DA78FB00535C46 /* Info.plist */ = {isa = PBXFileReference; lastKnownFileType = text.plist.xml; path = Info.plist; sourceTree = "<group>"; };
		6591C3AC23DA78FB00535C46 /* NovaOneTests.xctest */ = {isa = PBXFileReference; explicitFileType = wrapper.cfbundle; includeInIndex = 0; path = NovaOneTests.xctest; sourceTree = BUILT_PRODUCTS_DIR; };
		6591C3B023DA78FB00535C46 /* NovaOneTests.swift */ = {isa = PBXFileReference; lastKnownFileType = sourcecode.swift; path = NovaOneTests.swift; sourceTree = "<group>"; };
		6591C3B223DA78FB00535C46 /* Info.plist */ = {isa = PBXFileReference; lastKnownFileType = text.plist.xml; path = Info.plist; sourceTree = "<group>"; };
		6591C3B723DA78FB00535C46 /* NovaOneUITests.xctest */ = {isa = PBXFileReference; explicitFileType = wrapper.cfbundle; includeInIndex = 0; path = NovaOneUITests.xctest; sourceTree = BUILT_PRODUCTS_DIR; };
		6591C3BB23DA78FB00535C46 /* NovaOneUITests.swift */ = {isa = PBXFileReference; lastKnownFileType = sourcecode.swift; path = NovaOneUITests.swift; sourceTree = "<group>"; };
		6591C3BD23DA78FB00535C46 /* Info.plist */ = {isa = PBXFileReference; lastKnownFileType = text.plist.xml; path = Info.plist; sourceTree = "<group>"; };
		6592E3CE240416FE009E4D8D /* SignUpPasswordViewController.swift */ = {isa = PBXFileReference; lastKnownFileType = sourcecode.swift; path = SignUpPasswordViewController.swift; sourceTree = "<group>"; };
		6592E3D0240429CA009E4D8D /* SignUpNameViewController.swift */ = {isa = PBXFileReference; lastKnownFileType = sourcecode.swift; path = SignUpNameViewController.swift; sourceTree = "<group>"; };
		6592E3D224042AA9009E4D8D /* SignUpPhoneViewController.swift */ = {isa = PBXFileReference; lastKnownFileType = sourcecode.swift; path = SignUpPhoneViewController.swift; sourceTree = "<group>"; };
		6592E3D52405D8BA009E4D8D /* NovaOneTabBarController.swift */ = {isa = PBXFileReference; lastKnownFileType = sourcecode.swift; path = NovaOneTabBarController.swift; sourceTree = "<group>"; };
		659CCD3523EE46260066C9CB /* ErrorResponse.swift */ = {isa = PBXFileReference; lastKnownFileType = sourcecode.swift; path = ErrorResponse.swift; sourceTree = "<group>"; };
		659D487623F375EF007AC005 /* leads.php */ = {isa = PBXFileReference; fileEncoding = 4; lastKnownFileType = text.script.php; path = leads.php; sourceTree = "<group>"; };
		659D487723F375F0007AC005 /* appointments.php */ = {isa = PBXFileReference; fileEncoding = 4; lastKnownFileType = text.script.php; path = appointments.php; sourceTree = "<group>"; };
		659D487A23F37771007AC005 /* verify_user.php */ = {isa = PBXFileReference; fileEncoding = 4; lastKnownFileType = text.script.php; path = verify_user.php; sourceTree = "<group>"; };
		659D487D23F38C01007AC005 /* NovaOne.xcdatamodel */ = {isa = PBXFileReference; lastKnownFileType = wrapper.xcdatamodel; path = NovaOne.xcdatamodel; sourceTree = "<group>"; };
		65A1FC4C23E48A6800D5CBCF /* Defaults.swift */ = {isa = PBXFileReference; lastKnownFileType = sourcecode.swift; name = Defaults.swift; path = ../Defaults.swift; sourceTree = "<group>"; };
		65ADE2DE23E1C814003D3215 /* FeatureView.swift */ = {isa = PBXFileReference; lastKnownFileType = sourcecode.swift; path = FeatureView.swift; sourceTree = "<group>"; };
		65ADE2E023E1C84E003D3215 /* Feature.xib */ = {isa = PBXFileReference; lastKnownFileType = file.xib; path = Feature.xib; sourceTree = "<group>"; };
		65ADE2F523E3AF27003D3215 /* HTTPRequests.swift */ = {isa = PBXFileReference; lastKnownFileType = sourcecode.swift; path = HTTPRequests.swift; sourceTree = "<group>"; };
		65AF664323E87F2C001B394F /* AppointmentsViewController.swift */ = {isa = PBXFileReference; lastKnownFileType = sourcecode.swift; path = AppointmentsViewController.swift; sourceTree = "<group>"; };
		65AF664723E881D9001B394F /* LeadsViewController.swift */ = {isa = PBXFileReference; lastKnownFileType = sourcecode.swift; path = LeadsViewController.swift; sourceTree = "<group>"; };
		65AF664B23E881EB001B394F /* SettingsViewController.swift */ = {isa = PBXFileReference; lastKnownFileType = sourcecode.swift; path = SettingsViewController.swift; sourceTree = "<group>"; };
		65AF664F23E881FE001B394F /* SupportViewController.swift */ = {isa = PBXFileReference; lastKnownFileType = sourcecode.swift; path = SupportViewController.swift; sourceTree = "<group>"; };
		65AF665323E88216001B394F /* FaqViewController.swift */ = {isa = PBXFileReference; lastKnownFileType = sourcecode.swift; path = FaqViewController.swift; sourceTree = "<group>"; };
		65AF665723E88229001B394F /* CreateAppointmentViewController.swift */ = {isa = PBXFileReference; lastKnownFileType = sourcecode.swift; path = CreateAppointmentViewController.swift; sourceTree = "<group>"; };
		65C5467823ECAB2300A198F3 /* AppUtility.swift */ = {isa = PBXFileReference; lastKnownFileType = sourcecode.swift; path = AppUtility.swift; sourceTree = "<group>"; };
		65D75F7323FB495900C7988E /* utils.php */ = {isa = PBXFileReference; fileEncoding = 4; lastKnownFileType = text.script.php; path = utils.php; sourceTree = "<group>"; };
/* End PBXFileReference section */

/* Begin PBXFrameworksBuildPhase section */
		6591C39323DA78F900535C46 /* Frameworks */ = {
			isa = PBXFrameworksBuildPhase;
			buildActionMask = 2147483647;
			files = (
			);
			runOnlyForDeploymentPostprocessing = 0;
		};
		6591C3A923DA78FB00535C46 /* Frameworks */ = {
			isa = PBXFrameworksBuildPhase;
			buildActionMask = 2147483647;
			files = (
			);
			runOnlyForDeploymentPostprocessing = 0;
		};
		6591C3B423DA78FB00535C46 /* Frameworks */ = {
			isa = PBXFrameworksBuildPhase;
			buildActionMask = 2147483647;
			files = (
			);
			runOnlyForDeploymentPostprocessing = 0;
		};
/* End PBXFrameworksBuildPhase section */

/* Begin PBXGroup section */
		65446CED23E0F7860052DEBE /* IBDesignables */ = {
			isa = PBXGroup;
			children = (
				65446CEE23E0F7DF0052DEBE /* NovaOneButton.swift */,
				657FECEE2401D11900437945 /* NovaOneTextField.swift */,
				658EC6C723F4B1310042827E /* NovaOneView.swift */,
			);
			path = IBDesignables;
			sourceTree = "<group>";
		};
		657AC33D23DCFC8E00DA6096 /* Views */ = {
			isa = PBXGroup;
			children = (
				65ADE2E023E1C84E003D3215 /* Feature.xib */,
				65ADE2DE23E1C814003D3215 /* FeatureView.swift */,
			);
			path = Views;
			sourceTree = "<group>";
		};
		658B906423E798F600015C4F /* Utils */ = {
			isa = PBXGroup;
			children = (
				650250C023E4991700B427D0 /* Alert.swift */,
				65ADE2F523E3AF27003D3215 /* HTTPRequests.swift */,
				65A1FC4C23E48A6800D5CBCF /* Defaults.swift */,
				65C5467823ECAB2300A198F3 /* AppUtility.swift */,
				659CCD3523EE46260066C9CB /* ErrorResponse.swift */,
				658EC6C923F4CD120042827E /* UIViewBorders.swift */,
			);
			path = Utils;
			sourceTree = "<group>";
		};
		658B906523E798FB00015C4F /* Controllers */ = {
			isa = PBXGroup;
			children = (
				65A5E6062402F44800D4ED84 /* Login */,
				65A5E6052402F43C00D4ED84 /* Sign Up */,
				6591C39D23DA78F900535C46 /* LaunchViewController.swift */,
				65446CEB23E0F4370052DEBE /* LoginViewController.swift */,
				657FECF02401D2A800437945 /* ForgotViewController.swift */,
			);
			path = Controllers;
			sourceTree = "<group>";
		};
		658B906623E7990000015C4F /* Models */ = {
			isa = PBXGroup;
			children = (
				659D487C23F38C01007AC005 /* NovaOne.xcdatamodeld */,
				6528135523E79C15005A1B1F /* Customer.swift */,
				658EC6C523F4870D0042827E /* Appointment.swift */,
				6584FAC224089BA900A06125 /* Lead.swift */,
			);
			path = Models;
			sourceTree = "<group>";
		};
		658EC6C423F484F50042827E /* Table View Cells */ = {
			isa = PBXGroup;
			children = (
				658EC6C223F484D30042827E /* AppointmentTableViewCell.swift */,
				657EAE6F2409AF080074D44A /* NovaOneTableViewCell.swift */,
			);
			path = "Table View Cells";
			sourceTree = "<group>";
		};
		6591C38D23DA78F900535C46 = {
			isa = PBXGroup;
			children = (
				6591C39823DA78F900535C46 /* NovaOne */,
				6591C3AF23DA78FB00535C46 /* NovaOneTests */,
				6591C3BA23DA78FB00535C46 /* NovaOneUITests */,
				6591C39723DA78F900535C46 /* Products */,
			);
			sourceTree = "<group>";
		};
		6591C39723DA78F900535C46 /* Products */ = {
			isa = PBXGroup;
			children = (
				6591C39623DA78F900535C46 /* NovaOne.app */,
				6591C3AC23DA78FB00535C46 /* NovaOneTests.xctest */,
				6591C3B723DA78FB00535C46 /* NovaOneUITests.xctest */,
			);
			name = Products;
			sourceTree = "<group>";
		};
		6591C39823DA78F900535C46 /* NovaOne */ = {
			isa = PBXGroup;
			children = (
				6592E3D42405D86F009E4D8D /* Tab Bars */,
				658EC6C423F484F50042827E /* Table View Cells */,
				65AB289C23F21CC800075889 /* Frameworks */,
				658B906623E7990000015C4F /* Models */,
				658B906523E798FB00015C4F /* Controllers */,
				658B906423E798F600015C4F /* Utils */,
				65ADE2E823E39067003D3215 /* PHP */,
				65446CED23E0F7860052DEBE /* IBDesignables */,
				657AC33D23DCFC8E00DA6096 /* Views */,
				6591C39923DA78F900535C46 /* AppDelegate.swift */,
				6591C39B23DA78F900535C46 /* SceneDelegate.swift */,
				6591C39F23DA78F900535C46 /* Main.storyboard */,
				6591C3A223DA78FB00535C46 /* Assets.xcassets */,
				6591C3A423DA78FB00535C46 /* LaunchScreen.storyboard */,
				6591C3A723DA78FB00535C46 /* Info.plist */,
			);
			path = NovaOne;
			sourceTree = "<group>";
		};
		6591C3AF23DA78FB00535C46 /* NovaOneTests */ = {
			isa = PBXGroup;
			children = (
				6591C3B023DA78FB00535C46 /* NovaOneTests.swift */,
				6591C3B223DA78FB00535C46 /* Info.plist */,
			);
			path = NovaOneTests;
			sourceTree = "<group>";
		};
		6591C3BA23DA78FB00535C46 /* NovaOneUITests */ = {
			isa = PBXGroup;
			children = (
				6591C3BB23DA78FB00535C46 /* NovaOneUITests.swift */,
				6591C3BD23DA78FB00535C46 /* Info.plist */,
			);
			path = NovaOneUITests;
			sourceTree = "<group>";
		};
		6592E3D42405D86F009E4D8D /* Tab Bars */ = {
			isa = PBXGroup;
			children = (
				6592E3D52405D8BA009E4D8D /* NovaOneTabBarController.swift */,
			);
			path = "Tab Bars";
			sourceTree = "<group>";
		};
		65A5E6052402F43C00D4ED84 /* Sign Up */ = {
			isa = PBXGroup;
			children = (
				657535EA24035B7E009E3580 /* SignUpEmailViewController.swift */,
				6592E3CE240416FE009E4D8D /* SignUpPasswordViewController.swift */,
				6592E3D224042AA9009E4D8D /* SignUpPhoneViewController.swift */,
				6592E3D0240429CA009E4D8D /* SignUpNameViewController.swift */,
			);
			path = "Sign Up";
			sourceTree = "<group>";
		};
		65A5E6062402F44800D4ED84 /* Login */ = {
			isa = PBXGroup;
			children = (
				650250C223E4A78E00B427D0 /* HomeViewController.swift */,
				65AF664723E881D9001B394F /* LeadsViewController.swift */,
				65AF664323E87F2C001B394F /* AppointmentsViewController.swift */,
				65AF664B23E881EB001B394F /* SettingsViewController.swift */,
				65AF664F23E881FE001B394F /* SupportViewController.swift */,
				65AF665323E88216001B394F /* FaqViewController.swift */,
				65AF665723E88229001B394F /* CreateAppointmentViewController.swift */,
			);
			path = Login;
			sourceTree = "<group>";
		};
		65AB289C23F21CC800075889 /* Frameworks */ = {
			isa = PBXGroup;
			children = (
				6583194923F2206E001D378D /* KeychainItemAccessibility.swift */,
				6583194A23F2206E001D378D /* KeychainWrapper.swift */,
			);
			path = Frameworks;
			sourceTree = "<group>";
		};
		65ADE2E823E39067003D3215 /* PHP */ = {
			isa = PBXGroup;
			children = (
				659D487A23F37771007AC005 /* verify_user.php */,
				659D487723F375F0007AC005 /* appointments.php */,
				65D75F7323FB495900C7988E /* utils.php */,
				659D487623F375EF007AC005 /* leads.php */,
				6583194F23F2209C001D378D /* credentials.php */,
				6583194D23F2209C001D378D /* database.php */,
				6583195123F2209C001D378D /* django_password.php */,
				6583195023F2209C001D378D /* login.php */,
				6583194E23F2209C001D378D /* settings.php */,
			);
			path = PHP;
			sourceTree = "<group>";
		};
/* End PBXGroup section */

/* Begin PBXNativeTarget section */
		6591C39523DA78F900535C46 /* NovaOne */ = {
			isa = PBXNativeTarget;
			buildConfigurationList = 6591C3C023DA78FB00535C46 /* Build configuration list for PBXNativeTarget "NovaOne" */;
			buildPhases = (
				6591C39223DA78F900535C46 /* Sources */,
				6591C39323DA78F900535C46 /* Frameworks */,
				6591C39423DA78F900535C46 /* Resources */,
				658C079723F0F21C00DFD471 /* Embed Frameworks */,
			);
			buildRules = (
			);
			dependencies = (
			);
			name = NovaOne;
			productName = NovaOne;
			productReference = 6591C39623DA78F900535C46 /* NovaOne.app */;
			productType = "com.apple.product-type.application";
		};
		6591C3AB23DA78FB00535C46 /* NovaOneTests */ = {
			isa = PBXNativeTarget;
			buildConfigurationList = 6591C3C323DA78FB00535C46 /* Build configuration list for PBXNativeTarget "NovaOneTests" */;
			buildPhases = (
				6591C3A823DA78FB00535C46 /* Sources */,
				6591C3A923DA78FB00535C46 /* Frameworks */,
				6591C3AA23DA78FB00535C46 /* Resources */,
			);
			buildRules = (
			);
			dependencies = (
				6591C3AE23DA78FB00535C46 /* PBXTargetDependency */,
			);
			name = NovaOneTests;
			productName = NovaOneTests;
			productReference = 6591C3AC23DA78FB00535C46 /* NovaOneTests.xctest */;
			productType = "com.apple.product-type.bundle.unit-test";
		};
		6591C3B623DA78FB00535C46 /* NovaOneUITests */ = {
			isa = PBXNativeTarget;
			buildConfigurationList = 6591C3C623DA78FB00535C46 /* Build configuration list for PBXNativeTarget "NovaOneUITests" */;
			buildPhases = (
				6591C3B323DA78FB00535C46 /* Sources */,
				6591C3B423DA78FB00535C46 /* Frameworks */,
				6591C3B523DA78FB00535C46 /* Resources */,
			);
			buildRules = (
			);
			dependencies = (
				6591C3B923DA78FB00535C46 /* PBXTargetDependency */,
			);
			name = NovaOneUITests;
			productName = NovaOneUITests;
			productReference = 6591C3B723DA78FB00535C46 /* NovaOneUITests.xctest */;
			productType = "com.apple.product-type.bundle.ui-testing";
		};
/* End PBXNativeTarget section */

/* Begin PBXProject section */
		6591C38E23DA78F900535C46 /* Project object */ = {
			isa = PBXProject;
			attributes = {
				LastSwiftUpdateCheck = 1130;
				LastUpgradeCheck = 1130;
				ORGANIZATIONNAME = "Andre Mashraghi";
				TargetAttributes = {
					6591C39523DA78F900535C46 = {
						CreatedOnToolsVersion = 11.3.1;
					};
					6591C3AB23DA78FB00535C46 = {
						CreatedOnToolsVersion = 11.3.1;
						TestTargetID = 6591C39523DA78F900535C46;
					};
					6591C3B623DA78FB00535C46 = {
						CreatedOnToolsVersion = 11.3.1;
						TestTargetID = 6591C39523DA78F900535C46;
					};
				};
			};
			buildConfigurationList = 6591C39123DA78F900535C46 /* Build configuration list for PBXProject "NovaOne" */;
			compatibilityVersion = "Xcode 9.3";
			developmentRegion = en;
			hasScannedForEncodings = 0;
			knownRegions = (
				en,
				Base,
			);
			mainGroup = 6591C38D23DA78F900535C46;
			productRefGroup = 6591C39723DA78F900535C46 /* Products */;
			projectDirPath = "";
			projectRoot = "";
			targets = (
				6591C39523DA78F900535C46 /* NovaOne */,
				6591C3AB23DA78FB00535C46 /* NovaOneTests */,
				6591C3B623DA78FB00535C46 /* NovaOneUITests */,
			);
		};
/* End PBXProject section */

/* Begin PBXResourcesBuildPhase section */
		6591C39423DA78F900535C46 /* Resources */ = {
			isa = PBXResourcesBuildPhase;
			buildActionMask = 2147483647;
			files = (
				6583195523F2209C001D378D /* login.php in Resources */,
				65D75F7423FB495900C7988E /* utils.php in Resources */,
				65ADE2E123E1C84E003D3215 /* Feature.xib in Resources */,
				6583195223F2209C001D378D /* database.php in Resources */,
				6583195423F2209C001D378D /* credentials.php in Resources */,
				6591C3A623DA78FB00535C46 /* LaunchScreen.storyboard in Resources */,
				659D487923F375F0007AC005 /* appointments.php in Resources */,
				6583195323F2209C001D378D /* settings.php in Resources */,
				6583195623F2209C001D378D /* django_password.php in Resources */,
				659D487B23F37772007AC005 /* verify_user.php in Resources */,
				6591C3A323DA78FB00535C46 /* Assets.xcassets in Resources */,
				659D487823F375F0007AC005 /* leads.php in Resources */,
				6591C3A123DA78F900535C46 /* Main.storyboard in Resources */,
			);
			runOnlyForDeploymentPostprocessing = 0;
		};
		6591C3AA23DA78FB00535C46 /* Resources */ = {
			isa = PBXResourcesBuildPhase;
			buildActionMask = 2147483647;
			files = (
			);
			runOnlyForDeploymentPostprocessing = 0;
		};
		6591C3B523DA78FB00535C46 /* Resources */ = {
			isa = PBXResourcesBuildPhase;
			buildActionMask = 2147483647;
			files = (
			);
			runOnlyForDeploymentPostprocessing = 0;
		};
/* End PBXResourcesBuildPhase section */

/* Begin PBXSourcesBuildPhase section */
		6591C39223DA78F900535C46 /* Sources */ = {
			isa = PBXSourcesBuildPhase;
			buildActionMask = 2147483647;
			files = (
				658EC6C623F4870D0042827E /* Appointment.swift in Sources */,
				65AF665823E88229001B394F /* CreateAppointmentViewController.swift in Sources */,
				65ADE2DF23E1C814003D3215 /* FeatureView.swift in Sources */,
				6591C39E23DA78F900535C46 /* LaunchViewController.swift in Sources */,
				657FECEF2401D11900437945 /* NovaOneTextField.swift in Sources */,
				657EAE702409AF080074D44A /* NovaOneTableViewCell.swift in Sources */,
				657FECF12401D2A800437945 /* ForgotViewController.swift in Sources */,
				6583194C23F2206E001D378D /* KeychainWrapper.swift in Sources */,
				65AF665023E881FE001B394F /* SupportViewController.swift in Sources */,
				65AF664C23E881EB001B394F /* SettingsViewController.swift in Sources */,
				6583194B23F2206E001D378D /* KeychainItemAccessibility.swift in Sources */,
				65AF664423E87F2C001B394F /* AppointmentsViewController.swift in Sources */,
				659CCD3623EE46260066C9CB /* ErrorResponse.swift in Sources */,
				65AF665423E88216001B394F /* FaqViewController.swift in Sources */,
				658EC6C823F4B1310042827E /* NovaOneView.swift in Sources */,
				6591C39A23DA78F900535C46 /* AppDelegate.swift in Sources */,
				6592E3D1240429CA009E4D8D /* SignUpNameViewController.swift in Sources */,
				658EC6C323F484D30042827E /* AppointmentTableViewCell.swift in Sources */,
				65446CEF23E0F7DF0052DEBE /* NovaOneButton.swift in Sources */,
				6592E3CF240416FE009E4D8D /* SignUpPasswordViewController.swift in Sources */,
				6592E3D324042AA9009E4D8D /* SignUpPhoneViewController.swift in Sources */,
				65AF664823E881D9001B394F /* LeadsViewController.swift in Sources */,
				650250C323E4A78E00B427D0 /* HomeViewController.swift in Sources */,
				65C5467923ECAB2300A198F3 /* AppUtility.swift in Sources */,
				6591C39C23DA78F900535C46 /* SceneDelegate.swift in Sources */,
				657535EB24035B7E009E3580 /* SignUpEmailViewController.swift in Sources */,
				65ADE2F623E3AF27003D3215 /* HTTPRequests.swift in Sources */,
				65A1FC4D23E48A6800D5CBCF /* Defaults.swift in Sources */,
				6528135623E79C15005A1B1F /* Customer.swift in Sources */,
				6592E3D62405D8BA009E4D8D /* NovaOneTabBarController.swift in Sources */,
				658EC6CA23F4CD120042827E /* UIViewBorders.swift in Sources */,
				650250C123E4991700B427D0 /* Alert.swift in Sources */,
				6584FAC324089BA900A06125 /* Lead.swift in Sources */,
				65446CEC23E0F4370052DEBE /* LoginViewController.swift in Sources */,
				659D487E23F38C01007AC005 /* NovaOne.xcdatamodeld in Sources */,
			);
			runOnlyForDeploymentPostprocessing = 0;
		};
		6591C3A823DA78FB00535C46 /* Sources */ = {
			isa = PBXSourcesBuildPhase;
			buildActionMask = 2147483647;
			files = (
				659CCD3723EE46260066C9CB /* ErrorResponse.swift in Sources */,
				65C5467A23ECAB2300A198F3 /* AppUtility.swift in Sources */,
				65AF664923E881D9001B394F /* LeadsViewController.swift in Sources */,
				65AF664523E87F2C001B394F /* AppointmentsViewController.swift in Sources */,
				65AF665123E881FE001B394F /* SupportViewController.swift in Sources */,
				6528135F23E79D63005A1B1F /* AppDelegate.swift in Sources */,
				6528135923E79D3F005A1B1F /* LoginViewController.swift in Sources */,
				65AF665523E88216001B394F /* FaqViewController.swift in Sources */,
				6528135D23E79D5C005A1B1F /* FeatureView.swift in Sources */,
				65AF664D23E881EB001B394F /* SettingsViewController.swift in Sources */,
				6528135B23E79D42005A1B1F /* HomeViewController.swift in Sources */,
				6591C3B123DA78FB00535C46 /* NovaOneTests.swift in Sources */,
				65AF665923E88229001B394F /* CreateAppointmentViewController.swift in Sources */,
				6528135723E79D35005A1B1F /* Customer.swift in Sources */,
			);
			runOnlyForDeploymentPostprocessing = 0;
		};
		6591C3B323DA78FB00535C46 /* Sources */ = {
			isa = PBXSourcesBuildPhase;
			buildActionMask = 2147483647;
			files = (
				659CCD3823EE46260066C9CB /* ErrorResponse.swift in Sources */,
				65C5467B23ECAB2400A198F3 /* AppUtility.swift in Sources */,
				65AF664A23E881D9001B394F /* LeadsViewController.swift in Sources */,
				65AF664623E87F2C001B394F /* AppointmentsViewController.swift in Sources */,
				65AF665223E881FE001B394F /* SupportViewController.swift in Sources */,
				6528136023E79D63005A1B1F /* AppDelegate.swift in Sources */,
				6528135A23E79D3F005A1B1F /* LoginViewController.swift in Sources */,
				65AF665623E88216001B394F /* FaqViewController.swift in Sources */,
				6528135E23E79D5D005A1B1F /* FeatureView.swift in Sources */,
				65AF664E23E881EB001B394F /* SettingsViewController.swift in Sources */,
				6528135C23E79D42005A1B1F /* HomeViewController.swift in Sources */,
				6591C3BC23DA78FB00535C46 /* NovaOneUITests.swift in Sources */,
				65AF665A23E88229001B394F /* CreateAppointmentViewController.swift in Sources */,
				6528135823E79D36005A1B1F /* Customer.swift in Sources */,
			);
			runOnlyForDeploymentPostprocessing = 0;
		};
/* End PBXSourcesBuildPhase section */

/* Begin PBXTargetDependency section */
		6591C3AE23DA78FB00535C46 /* PBXTargetDependency */ = {
			isa = PBXTargetDependency;
			target = 6591C39523DA78F900535C46 /* NovaOne */;
			targetProxy = 6591C3AD23DA78FB00535C46 /* PBXContainerItemProxy */;
		};
		6591C3B923DA78FB00535C46 /* PBXTargetDependency */ = {
			isa = PBXTargetDependency;
			target = 6591C39523DA78F900535C46 /* NovaOne */;
			targetProxy = 6591C3B823DA78FB00535C46 /* PBXContainerItemProxy */;
		};
/* End PBXTargetDependency section */

/* Begin PBXVariantGroup section */
		6591C39F23DA78F900535C46 /* Main.storyboard */ = {
			isa = PBXVariantGroup;
			children = (
				6591C3A023DA78F900535C46 /* Base */,
			);
			name = Main.storyboard;
			sourceTree = "<group>";
		};
		6591C3A423DA78FB00535C46 /* LaunchScreen.storyboard */ = {
			isa = PBXVariantGroup;
			children = (
				6591C3A523DA78FB00535C46 /* Base */,
			);
			name = LaunchScreen.storyboard;
			sourceTree = "<group>";
		};
/* End PBXVariantGroup section */

/* Begin XCBuildConfiguration section */
		6591C3BE23DA78FB00535C46 /* Debug */ = {
			isa = XCBuildConfiguration;
			buildSettings = {
				ALWAYS_SEARCH_USER_PATHS = NO;
				CLANG_ANALYZER_NONNULL = YES;
				CLANG_ANALYZER_NUMBER_OBJECT_CONVERSION = YES_AGGRESSIVE;
				CLANG_CXX_LANGUAGE_STANDARD = "gnu++14";
				CLANG_CXX_LIBRARY = "libc++";
				CLANG_ENABLE_MODULES = YES;
				CLANG_ENABLE_OBJC_ARC = YES;
				CLANG_ENABLE_OBJC_WEAK = YES;
				CLANG_WARN_BLOCK_CAPTURE_AUTORELEASING = YES;
				CLANG_WARN_BOOL_CONVERSION = YES;
				CLANG_WARN_COMMA = YES;
				CLANG_WARN_CONSTANT_CONVERSION = YES;
				CLANG_WARN_DEPRECATED_OBJC_IMPLEMENTATIONS = YES;
				CLANG_WARN_DIRECT_OBJC_ISA_USAGE = YES_ERROR;
				CLANG_WARN_DOCUMENTATION_COMMENTS = YES;
				CLANG_WARN_EMPTY_BODY = YES;
				CLANG_WARN_ENUM_CONVERSION = YES;
				CLANG_WARN_INFINITE_RECURSION = YES;
				CLANG_WARN_INT_CONVERSION = YES;
				CLANG_WARN_NON_LITERAL_NULL_CONVERSION = YES;
				CLANG_WARN_OBJC_IMPLICIT_RETAIN_SELF = YES;
				CLANG_WARN_OBJC_LITERAL_CONVERSION = YES;
				CLANG_WARN_OBJC_ROOT_CLASS = YES_ERROR;
				CLANG_WARN_RANGE_LOOP_ANALYSIS = YES;
				CLANG_WARN_STRICT_PROTOTYPES = YES;
				CLANG_WARN_SUSPICIOUS_MOVE = YES;
				CLANG_WARN_UNGUARDED_AVAILABILITY = YES_AGGRESSIVE;
				CLANG_WARN_UNREACHABLE_CODE = YES;
				CLANG_WARN__DUPLICATE_METHOD_MATCH = YES;
				COPY_PHASE_STRIP = NO;
				DEBUG_INFORMATION_FORMAT = dwarf;
				ENABLE_STRICT_OBJC_MSGSEND = YES;
				ENABLE_TESTABILITY = YES;
				GCC_C_LANGUAGE_STANDARD = gnu11;
				GCC_DYNAMIC_NO_PIC = NO;
				GCC_NO_COMMON_BLOCKS = YES;
				GCC_OPTIMIZATION_LEVEL = 0;
				GCC_PREPROCESSOR_DEFINITIONS = (
					"DEBUG=1",
					"$(inherited)",
				);
				GCC_WARN_64_TO_32_BIT_CONVERSION = YES;
				GCC_WARN_ABOUT_RETURN_TYPE = YES_ERROR;
				GCC_WARN_UNDECLARED_SELECTOR = YES;
				GCC_WARN_UNINITIALIZED_AUTOS = YES_AGGRESSIVE;
				GCC_WARN_UNUSED_FUNCTION = YES;
				GCC_WARN_UNUSED_VARIABLE = YES;
				IPHONEOS_DEPLOYMENT_TARGET = 13.2;
				MTL_ENABLE_DEBUG_INFO = INCLUDE_SOURCE;
				MTL_FAST_MATH = YES;
				ONLY_ACTIVE_ARCH = YES;
				SDKROOT = iphoneos;
				SWIFT_ACTIVE_COMPILATION_CONDITIONS = DEBUG;
				SWIFT_OPTIMIZATION_LEVEL = "-Onone";
			};
			name = Debug;
		};
		6591C3BF23DA78FB00535C46 /* Release */ = {
			isa = XCBuildConfiguration;
			buildSettings = {
				ALWAYS_SEARCH_USER_PATHS = NO;
				CLANG_ANALYZER_NONNULL = YES;
				CLANG_ANALYZER_NUMBER_OBJECT_CONVERSION = YES_AGGRESSIVE;
				CLANG_CXX_LANGUAGE_STANDARD = "gnu++14";
				CLANG_CXX_LIBRARY = "libc++";
				CLANG_ENABLE_MODULES = YES;
				CLANG_ENABLE_OBJC_ARC = YES;
				CLANG_ENABLE_OBJC_WEAK = YES;
				CLANG_WARN_BLOCK_CAPTURE_AUTORELEASING = YES;
				CLANG_WARN_BOOL_CONVERSION = YES;
				CLANG_WARN_COMMA = YES;
				CLANG_WARN_CONSTANT_CONVERSION = YES;
				CLANG_WARN_DEPRECATED_OBJC_IMPLEMENTATIONS = YES;
				CLANG_WARN_DIRECT_OBJC_ISA_USAGE = YES_ERROR;
				CLANG_WARN_DOCUMENTATION_COMMENTS = YES;
				CLANG_WARN_EMPTY_BODY = YES;
				CLANG_WARN_ENUM_CONVERSION = YES;
				CLANG_WARN_INFINITE_RECURSION = YES;
				CLANG_WARN_INT_CONVERSION = YES;
				CLANG_WARN_NON_LITERAL_NULL_CONVERSION = YES;
				CLANG_WARN_OBJC_IMPLICIT_RETAIN_SELF = YES;
				CLANG_WARN_OBJC_LITERAL_CONVERSION = YES;
				CLANG_WARN_OBJC_ROOT_CLASS = YES_ERROR;
				CLANG_WARN_RANGE_LOOP_ANALYSIS = YES;
				CLANG_WARN_STRICT_PROTOTYPES = YES;
				CLANG_WARN_SUSPICIOUS_MOVE = YES;
				CLANG_WARN_UNGUARDED_AVAILABILITY = YES_AGGRESSIVE;
				CLANG_WARN_UNREACHABLE_CODE = YES;
				CLANG_WARN__DUPLICATE_METHOD_MATCH = YES;
				COPY_PHASE_STRIP = NO;
				DEBUG_INFORMATION_FORMAT = "dwarf-with-dsym";
				ENABLE_NS_ASSERTIONS = NO;
				ENABLE_STRICT_OBJC_MSGSEND = YES;
				GCC_C_LANGUAGE_STANDARD = gnu11;
				GCC_NO_COMMON_BLOCKS = YES;
				GCC_WARN_64_TO_32_BIT_CONVERSION = YES;
				GCC_WARN_ABOUT_RETURN_TYPE = YES_ERROR;
				GCC_WARN_UNDECLARED_SELECTOR = YES;
				GCC_WARN_UNINITIALIZED_AUTOS = YES_AGGRESSIVE;
				GCC_WARN_UNUSED_FUNCTION = YES;
				GCC_WARN_UNUSED_VARIABLE = YES;
				IPHONEOS_DEPLOYMENT_TARGET = 13.2;
				MTL_ENABLE_DEBUG_INFO = NO;
				MTL_FAST_MATH = YES;
				SDKROOT = iphoneos;
				SWIFT_COMPILATION_MODE = wholemodule;
				SWIFT_OPTIMIZATION_LEVEL = "-O";
				VALIDATE_PRODUCT = YES;
			};
			name = Release;
		};
		6591C3C123DA78FB00535C46 /* Debug */ = {
			isa = XCBuildConfiguration;
			buildSettings = {
				ASSETCATALOG_COMPILER_APPICON_NAME = AppIcon;
				CODE_SIGN_STYLE = Automatic;
				DEVELOPMENT_TEAM = 3CDSLHGVXH;
				FRAMEWORK_SEARCH_PATHS = "$(SRCROOT)";
				INFOPLIST_FILE = NovaOne/Info.plist;
				LD_RUNPATH_SEARCH_PATHS = (
					"$(inherited)",
					"@executable_path/Frameworks",
				);
				PRODUCT_BUNDLE_IDENTIFIER = com.novaonesoftware.NovaOne;
				PRODUCT_NAME = "$(TARGET_NAME)";
				SWIFT_VERSION = 5.0;
				TARGETED_DEVICE_FAMILY = "1,2";
			};
			name = Debug;
		};
		6591C3C223DA78FB00535C46 /* Release */ = {
			isa = XCBuildConfiguration;
			buildSettings = {
				ASSETCATALOG_COMPILER_APPICON_NAME = AppIcon;
				CODE_SIGN_STYLE = Automatic;
				DEVELOPMENT_TEAM = 3CDSLHGVXH;
				FRAMEWORK_SEARCH_PATHS = "$(SRCROOT)";
				INFOPLIST_FILE = NovaOne/Info.plist;
				LD_RUNPATH_SEARCH_PATHS = (
					"$(inherited)",
					"@executable_path/Frameworks",
				);
				PRODUCT_BUNDLE_IDENTIFIER = com.novaonesoftware.NovaOne;
				PRODUCT_NAME = "$(TARGET_NAME)";
				SWIFT_VERSION = 5.0;
				TARGETED_DEVICE_FAMILY = "1,2";
			};
			name = Release;
		};
		6591C3C423DA78FB00535C46 /* Debug */ = {
			isa = XCBuildConfiguration;
			buildSettings = {
				ALWAYS_EMBED_SWIFT_STANDARD_LIBRARIES = YES;
				BUNDLE_LOADER = "$(TEST_HOST)";
				CODE_SIGN_STYLE = Automatic;
				DEVELOPMENT_TEAM = 3CDSLHGVXH;
				INFOPLIST_FILE = NovaOneTests/Info.plist;
				IPHONEOS_DEPLOYMENT_TARGET = 13.2;
				LD_RUNPATH_SEARCH_PATHS = (
					"$(inherited)",
					"@executable_path/Frameworks",
					"@loader_path/Frameworks",
				);
				PRODUCT_BUNDLE_IDENTIFIER = com.novaonesoftware.NovaOneTests;
				PRODUCT_NAME = "$(TARGET_NAME)";
				SWIFT_VERSION = 5.0;
				TARGETED_DEVICE_FAMILY = "1,2";
				TEST_HOST = "$(BUILT_PRODUCTS_DIR)/NovaOne.app/NovaOne";
			};
			name = Debug;
		};
		6591C3C523DA78FB00535C46 /* Release */ = {
			isa = XCBuildConfiguration;
			buildSettings = {
				ALWAYS_EMBED_SWIFT_STANDARD_LIBRARIES = YES;
				BUNDLE_LOADER = "$(TEST_HOST)";
				CODE_SIGN_STYLE = Automatic;
				DEVELOPMENT_TEAM = 3CDSLHGVXH;
				INFOPLIST_FILE = NovaOneTests/Info.plist;
				IPHONEOS_DEPLOYMENT_TARGET = 13.2;
				LD_RUNPATH_SEARCH_PATHS = (
					"$(inherited)",
					"@executable_path/Frameworks",
					"@loader_path/Frameworks",
				);
				PRODUCT_BUNDLE_IDENTIFIER = com.novaonesoftware.NovaOneTests;
				PRODUCT_NAME = "$(TARGET_NAME)";
				SWIFT_VERSION = 5.0;
				TARGETED_DEVICE_FAMILY = "1,2";
				TEST_HOST = "$(BUILT_PRODUCTS_DIR)/NovaOne.app/NovaOne";
			};
			name = Release;
		};
		6591C3C723DA78FB00535C46 /* Debug */ = {
			isa = XCBuildConfiguration;
			buildSettings = {
				ALWAYS_EMBED_SWIFT_STANDARD_LIBRARIES = YES;
				CODE_SIGN_STYLE = Automatic;
				DEVELOPMENT_TEAM = 3CDSLHGVXH;
				INFOPLIST_FILE = NovaOneUITests/Info.plist;
				LD_RUNPATH_SEARCH_PATHS = (
					"$(inherited)",
					"@executable_path/Frameworks",
					"@loader_path/Frameworks",
				);
				PRODUCT_BUNDLE_IDENTIFIER = com.novaonesoftware.NovaOneUITests;
				PRODUCT_NAME = "$(TARGET_NAME)";
				SWIFT_VERSION = 5.0;
				TARGETED_DEVICE_FAMILY = "1,2";
				TEST_TARGET_NAME = NovaOne;
			};
			name = Debug;
		};
		6591C3C823DA78FB00535C46 /* Release */ = {
			isa = XCBuildConfiguration;
			buildSettings = {
				ALWAYS_EMBED_SWIFT_STANDARD_LIBRARIES = YES;
				CODE_SIGN_STYLE = Automatic;
				DEVELOPMENT_TEAM = 3CDSLHGVXH;
				INFOPLIST_FILE = NovaOneUITests/Info.plist;
				LD_RUNPATH_SEARCH_PATHS = (
					"$(inherited)",
					"@executable_path/Frameworks",
					"@loader_path/Frameworks",
				);
				PRODUCT_BUNDLE_IDENTIFIER = com.novaonesoftware.NovaOneUITests;
				PRODUCT_NAME = "$(TARGET_NAME)";
				SWIFT_VERSION = 5.0;
				TARGETED_DEVICE_FAMILY = "1,2";
				TEST_TARGET_NAME = NovaOne;
			};
			name = Release;
		};
/* End XCBuildConfiguration section */

/* Begin XCConfigurationList section */
		6591C39123DA78F900535C46 /* Build configuration list for PBXProject "NovaOne" */ = {
			isa = XCConfigurationList;
			buildConfigurations = (
				6591C3BE23DA78FB00535C46 /* Debug */,
				6591C3BF23DA78FB00535C46 /* Release */,
			);
			defaultConfigurationIsVisible = 0;
			defaultConfigurationName = Release;
		};
		6591C3C023DA78FB00535C46 /* Build configuration list for PBXNativeTarget "NovaOne" */ = {
			isa = XCConfigurationList;
			buildConfigurations = (
				6591C3C123DA78FB00535C46 /* Debug */,
				6591C3C223DA78FB00535C46 /* Release */,
			);
			defaultConfigurationIsVisible = 0;
			defaultConfigurationName = Release;
		};
		6591C3C323DA78FB00535C46 /* Build configuration list for PBXNativeTarget "NovaOneTests" */ = {
			isa = XCConfigurationList;
			buildConfigurations = (
				6591C3C423DA78FB00535C46 /* Debug */,
				6591C3C523DA78FB00535C46 /* Release */,
			);
			defaultConfigurationIsVisible = 0;
			defaultConfigurationName = Release;
		};
		6591C3C623DA78FB00535C46 /* Build configuration list for PBXNativeTarget "NovaOneUITests" */ = {
			isa = XCConfigurationList;
			buildConfigurations = (
				6591C3C723DA78FB00535C46 /* Debug */,
				6591C3C823DA78FB00535C46 /* Release */,
			);
			defaultConfigurationIsVisible = 0;
			defaultConfigurationName = Release;
		};
/* End XCConfigurationList section */

/* Begin XCVersionGroup section */
		659D487C23F38C01007AC005 /* NovaOne.xcdatamodeld */ = {
			isa = XCVersionGroup;
			children = (
				659D487D23F38C01007AC005 /* NovaOne.xcdatamodel */,
			);
			currentVersion = 659D487D23F38C01007AC005 /* NovaOne.xcdatamodel */;
			path = NovaOne.xcdatamodeld;
			sourceTree = "<group>";
			versionGroupType = wrapper.xcdatamodel;
		};
/* End XCVersionGroup section */
	};
	rootObject = 6591C38E23DA78F900535C46 /* Project object */;
}
